
Microsoft Visual Studio Solution File, Format Version 12.00
# Visual Studio Version 16
VisualStudioVersion = 16.0.30225.117
MinimumVisualStudioVersion = 10.0.40219.1
Project("{FAE04EC0-301F-11D3-BF4B-00C04F79EFBC}") = "Razor", "Razor\Razor.csproj", "{3B18A2BD-07E9-41B5-9D24-50EFC8765DC3}"
EndProject
Global
	GlobalSection(SolutionConfigurationPlatforms) = preSolution
		Debug|Any CPU = Debug|Any CPU
		Release|Any CPU = Release|Any CPU
	EndGlobalSection
	GlobalSection(ProjectConfigurationPlatforms) = postSolution
		{3B18A2BD-07E9-41B5-9D24-50EFC8765DC3}.Debug|Any CPU.ActiveCfg = Debug|Any CPU
		{3B18A2BD-07E9-41B5-9D24-50EFC8765DC3}.Debug|Any CPU.Build.0 = Debug|Any CPU
		{3B18A2BD-07E9-41B5-9D24-50EFC8765DC3}.Release|Any CPU.ActiveCfg = Release|Any CPU
		{3B18A2BD-07E9-41B5-9D24-50EFC8765DC3}.Release|Any CPU.Build.0 = Release|Any CPU
	EndGlobalSection
	GlobalSection(SolutionProperties) = preSolution
		HideSolutionNode = FALSE
	EndGlobalSection
	GlobalSection(ExtensibilityGlobals) = postSolution
		SolutionGuid = {C51037BC-29F6-4DBF-A7C3-56AE0FC4E0D4}
	EndGlobalSection
EndGlobal
